// !$*UTF8*$!
{
	archiveVersion = 1;
	classes = {
	};
	objectVersion = 46;
	objects = {

/* Begin PBXBuildFile section */
		BB4BDDAF1CE1B60C00E23564 /* AppDelegate.swift in Sources */ = {isa = PBXBuildFile; fileRef = BB4BDDAE1CE1B60C00E23564 /* AppDelegate.swift */; };
		BB4BDDB11CE1B60C00E23564 /* ViewController.swift in Sources */ = {isa = PBXBuildFile; fileRef = BB4BDDB01CE1B60C00E23564 /* ViewController.swift */; };
		BB4BDDB41CE1B60C00E23564 /* Main.storyboard in Resources */ = {isa = PBXBuildFile; fileRef = BB4BDDB21CE1B60C00E23564 /* Main.storyboard */; };
		BB4BDDB61CE1B60C00E23564 /* Assets.xcassets in Resources */ = {isa = PBXBuildFile; fileRef = BB4BDDB51CE1B60C00E23564 /* Assets.xcassets */; };
		BB7756C11D06EA800091F9F5 /* WelcomeController.swift in Sources */ = {isa = PBXBuildFile; fileRef = BB7756C01D06EA800091F9F5 /* WelcomeController.swift */; };
		BBB68FDA1D4070EF00E58618 /* WelcomeSB.storyboard in Resources */ = {isa = PBXBuildFile; fileRef = BBB68FD91D4070EF00E58618 /* WelcomeSB.storyboard */; };
/* End PBXBuildFile section */

/* Begin PBXFileReference section */
		BB4BDDAB1CE1B60C00E23564 /* SwiftApp.app */ = {isa = PBXFileReference; explicitFileType = wrapper.application; includeInIndex = 0; path = SwiftApp.app; sourceTree = BUILT_PRODUCTS_DIR; };
		BB4BDDAE1CE1B60C00E23564 /* AppDelegate.swift */ = {isa = PBXFileReference; lastKnownFileType = sourcecode.swift; path = AppDelegate.swift; sourceTree = "<group>"; };
		BB4BDDB01CE1B60C00E23564 /* ViewController.swift */ = {isa = PBXFileReference; lastKnownFileType = sourcecode.swift; path = ViewController.swift; sourceTree = "<group>"; };
		BB4BDDB31CE1B60C00E23564 /* Base */ = {isa = PBXFileReference; lastKnownFileType = file.storyboard; name = Base; path = Base.lproj/Main.storyboard; sourceTree = "<group>"; };
		BB4BDDB51CE1B60C00E23564 /* Assets.xcassets */ = {isa = PBXFileReference; lastKnownFileType = folder.assetcatalog; path = Assets.xcassets; sourceTree = "<group>"; };
		BB4BDDBA1CE1B60C00E23564 /* Info.plist */ = {isa = PBXFileReference; lastKnownFileType = text.plist.xml; path = Info.plist; sourceTree = "<group>"; };
		BB7756C01D06EA800091F9F5 /* WelcomeController.swift */ = {isa = PBXFileReference; fileEncoding = 4; lastKnownFileType = sourcecode.swift; path = WelcomeController.swift; sourceTree = "<group>"; };
		BBB68FD91D4070EF00E58618 /* WelcomeSB.storyboard */ = {isa = PBXFileReference; fileEncoding = 4; lastKnownFileType = file.storyboard; path = WelcomeSB.storyboard; sourceTree = "<group>"; };
/* End PBXFileReference section */

/* Begin PBXFrameworksBuildPhase section */
		BB4BDDA81CE1B60C00E23564 /* Frameworks */ = {
			isa = PBXFrameworksBuildPhase;
			buildActionMask = 2147483647;
			files = (
			);
			runOnlyForDeploymentPostprocessing = 0;
		};
/* End PBXFrameworksBuildPhase section */

/* Begin PBXGroup section */
		BB4BDDA21CE1B60C00E23564 = {
			isa = PBXGroup;
			children = (
				BB4BDDAD1CE1B60C00E23564 /* SwiftApp */,
				BB4BDDAC1CE1B60C00E23564 /* Products */,
			);
			sourceTree = "<group>";
		};
		BB4BDDAC1CE1B60C00E23564 /* Products */ = {
			isa = PBXGroup;
			children = (
				BB4BDDAB1CE1B60C00E23564 /* SwiftApp.app */,
			);
			name = Products;
			sourceTree = "<group>";
		};
		BB4BDDAD1CE1B60C00E23564 /* SwiftApp */ = {
			isa = PBXGroup;
			children = (
				BBB68FD81D4070EF00E58618 /* SB */,
				BB7756B61D054E2A0091F9F5 /* VC */,
				BB4BDDAE1CE1B60C00E23564 /* AppDelegate.swift */,
				BB4BDDB01CE1B60C00E23564 /* ViewController.swift */,
				BB4BDDB21CE1B60C00E23564 /* Main.storyboard */,
				BB4BDDB51CE1B60C00E23564 /* Assets.xcassets */,
				BB4BDDBA1CE1B60C00E23564 /* Info.plist */,
			);
			path = SwiftApp;
			sourceTree = "<group>";
		};
		BB7756B61D054E2A0091F9F5 /* VC */ = {
			isa = PBXGroup;
			children = (
				BB7756C01D06EA800091F9F5 /* WelcomeController.swift */,
			);
			path = VC;
			sourceTree = "<group>";
		};
		BBB68FD81D4070EF00E58618 /* SB */ = {
			isa = PBXGroup;
			children = (
				BBB68FD91D4070EF00E58618 /* WelcomeSB.storyboard */,
			);
			path = SB;
			sourceTree = "<group>";
		};
/* End PBXGroup section */

/* Begin PBXNativeTarget section */
		BB4BDDAA1CE1B60C00E23564 /* SwiftApp */ = {
			isa = PBXNativeTarget;
			buildConfigurationList = BB4BDDBD1CE1B60C00E23564 /* Build configuration list for PBXNativeTarget "SwiftApp" */;
			buildPhases = (
				BB4BDDA71CE1B60C00E23564 /* Sources */,
				BB4BDDA81CE1B60C00E23564 /* Frameworks */,
				BB4BDDA91CE1B60C00E23564 /* Resources */,
			);
			buildRules = (
			);
			dependencies = (
			);
			name = SwiftApp;
			productName = SwiftApp;
			productReference = BB4BDDAB1CE1B60C00E23564 /* SwiftApp.app */;
			productType = "com.apple.product-type.application";
		};
/* End PBXNativeTarget section */

/* Begin PBXProject section */
		BB4BDDA31CE1B60C00E23564 /* Project object */ = {
			isa = PBXProject;
			attributes = {
				LastSwiftUpdateCheck = 0720;
				LastUpgradeCheck = 0720;
				ORGANIZATIONNAME = trace990;
				TargetAttributes = {
					BB4BDDAA1CE1B60C00E23564 = {
						CreatedOnToolsVersion = 7.2;
					};
				};
			};
			buildConfigurationList = BB4BDDA61CE1B60C00E23564 /* Build configuration list for PBXProject "SwiftApp" */;
			compatibilityVersion = "Xcode 3.2";
			developmentRegion = English;
			hasScannedForEncodings = 0;
			knownRegions = (
				en,
				Base,
			);
			mainGroup = BB4BDDA21CE1B60C00E23564;
			productRefGroup = BB4BDDAC1CE1B60C00E23564 /* Products */;
			projectDirPath = "";
			projectRoot = "";
			targets = (
				BB4BDDAA1CE1B60C00E23564 /* SwiftApp */,
			);
		};
/* End PBXProject section */

/* Begin PBXResourcesBuildPhase section */
		BB4BDDA91CE1B60C00E23564 /* Resources */ = {
			isa = PBXResourcesBuildPhase;
			buildActionMask = 2147483647;
			files = (
				BB4BDDB61CE1B60C00E23564 /* Assets.xcassets in Resources */,
				BBB68FDA1D4070EF00E58618 /* WelcomeSB.storyboard in Resources */,
				BB4BDDB41CE1B60C00E23564 /* Main.storyboard in Resources */,
			);
			runOnlyForDeploymentPostprocessing = 0;
		};
/* End PBXResourcesBuildPhase section */

/* Begin PBXSourcesBuildPhase section */
		BB4BDDA71CE1B60C00E23564 /* Sources */ = {
			isa = PBXSourcesBuildPhase;
			buildActionMask = 2147483647;
			files = (
				BB7756C11D06EA800091F9F5 /* WelcomeController.swift in Sources */,
				BB4BDDB11CE1B60C00E23564 /* ViewController.swift in Sources */,
				BB4BDDAF1CE1B60C00E23564 /* AppDelegate.swift in Sources */,
			);
			runOnlyForDeploymentPostprocessing = 0;
		};
/* End PBXSourcesBuildPhase section */

/* Begin PBXVariantGroup section */
		BB4BDDB21CE1B60C00E23564 /* Main.storyboard */ = {
			isa = PBXVariantGroup;
			children = (
				BB4BDDB31CE1B60C00E23564 /* Base */,
			);
			name = Main.storyboard;
			sourceTree = "<group>";
		};
/* End PBXVariantGroup section */

/* Begin XCBuildConfiguration section */
		BB4BDDBB1CE1B60C00E23564 /* Debug */ = {
			isa = XCBuildConfiguration;
			buildSettings = {
				ALWAYS_SEARCH_USER_PATHS = NO;
				CLANG_CXX_LANGUAGE_STANDARD = "gnu++0x";
				CLANG_CXX_LIBRARY = "libc++";
				CLANG_ENABLE_MODULES = YES;
				CLANG_ENABLE_OBJC_ARC = YES;
				CLANG_WARN_BOOL_CONVERSION = YES;
				CLANG_WARN_CONSTANT_CONVERSION = YES;
				CLANG_WARN_DIRECT_OBJC_ISA_USAGE = YES_ERROR;
				CLANG_WARN_EMPTY_BODY = YES;
				CLANG_WARN_ENUM_CONVERSION = YES;
				CLANG_WARN_INT_CONVERSION = YES;
				CLANG_WARN_OBJC_ROOT_CLASS = YES_ERROR;
				CLANG_WARN_UNREACHABLE_CODE = YES;
				CLANG_WARN__DUPLICATE_METHOD_MATCH = YES;
				"CODE_SIGN_IDENTITY[sdk=iphoneos*]" = "iPhone Developer";
				COPY_PHASE_STRIP = NO;
				DEBUG_INFORMATION_FORMAT = dwarf;
				ENABLE_STRICT_OBJC_MSGSEND = YES;
				ENABLE_TESTABILITY = YES;
				GCC_C_LANGUAGE_STANDARD = gnu99;
				GCC_DYNAMIC_NO_PIC = NO;
				GCC_NO_COMMON_BLOCKS = YES;
				GCC_OPTIMIZATION_LEVEL = 0;
				GCC_PREPROCESSOR_DEFINITIONS = (
					"DEBUG=1",
					"$(inherited)",
				);
				GCC_WARN_64_TO_32_BIT_CONVERSION = YES;
				GCC_WARN_ABOUT_RETURN_TYPE = YES_ERROR;
				GCC_WARN_UNDECLARED_SELECTOR = YES;
				GCC_WARN_UNINITIALIZED_AUTOS = YES_AGGRESSIVE;
				GCC_WARN_UNUSED_FUNCTION = YES;
				GCC_WARN_UNUSED_VARIABLE = YES;
				IPHONEOS_DEPLOYMENT_TARGET = 9.2;
				MTL_ENABLE_DEBUG_INFO = YES;
				ONLY_ACTIVE_ARCH = YES;
				SDKROOT = iphoneos;
				SWIFT_OPTIMIZATION_LEVEL = "-Onone";
			};
			name = Debug;
		};
		BB4BDDBC1CE1B60C00E23564 /* Release */ = {
			isa = XCBuildConfiguration;
			buildSettings = {
				ALWAYS_SEARCH_USER_PATHS = NO;
				CLANG_CXX_LANGUAGE_STANDARD = "gnu++0x";
				CLANG_CXX_LIBRARY = "libc++";
				CLANG_ENABLE_MODULES = YES;
				CLANG_ENABLE_OBJC_ARC = YES;
				CLANG_WARN_BOOL_CONVERSION = YES;
				CLANG_WARN_CONSTANT_CONVERSION = YES;
				CLANG_WARN_DIRECT_OBJC_ISA_USAGE = YES_ERROR;
				CLANG_WARN_EMPTY_BODY = YES;
				CLANG_WARN_ENUM_CONVERSION = YES;
				CLANG_WARN_INT_CONVERSION = YES;
				CLANG_WARN_OBJC_ROOT_CLASS = YES_ERROR;
				CLANG_WARN_UNREACHABLE_CODE = YES;
				CLANG_WARN__DUPLICATE_METHOD_MATCH = YES;
				"CODE_SIGN_IDENTITY[sdk=iphoneos*]" = "iPhone Developer";
				COPY_PHASE_STRIP = NO;
				DEBUG_INFORMATION_FORMAT = "dwarf-with-dsym";
				ENABLE_NS_ASSERTIONS = NO;
				ENABLE_STRICT_OBJC_MSGSEND = YES;
				GCC_C_LANGUAGE_STANDARD = gnu99;
				GCC_NO_COMMON_BLOCKS = YES;
				GCC_WARN_64_TO_32_BIT_CONVERSION = YES;
				GCC_WARN_ABOUT_RETURN_TYPE = YES_ERROR;
				GCC_WARN_UNDECLARED_SELECTOR = YES;
				GCC_WARN_UNINITIALIZED_AUTOS = YES_AGGRESSIVE;
				GCC_WARN_UNUSED_FUNCTION = YES;
				GCC_WARN_UNUSED_VARIABLE = YES;
				IPHONEOS_DEPLOYMENT_TARGET = 9.2;
				MTL_ENABLE_DEBUG_INFO = NO;
				SDKROOT = iphoneos;
				VALIDATE_PRODUCT = YES;
			};
			name = Release;
		};
		BB4BDDBE1CE1B60C00E23564 /* Debug */ = {
			isa = XCBuildConfiguration;
			buildSettings = {
				ASSETCATALOG_COMPILER_APPICON_NAME = AppIcon;
				INFOPLIST_FILE = SwiftApp/Info.plist;
				LD_RUNPATH_SEARCH_PATHS = "$(inherited) @executable_path/Frameworks";
				PRODUCT_BUNDLE_IDENTIFIER = com.trace.test.SwiftApp;
				PRODUCT_NAME = "$(TARGET_NAME)";
			};
			name = Debug;
		};
		BB4BDDBF1CE1B60C00E23564 /* Release */ = {
			isa = XCBuildConfiguration;
			buildSettings = {
				ASSETCATALOG_COMPILER_APPICON_NAME = AppIcon;
				INFOPLIST_FILE = SwiftApp/Info.plist;
				LD_RUNPATH_SEARCH_PATHS = "$(inherited) @executable_path/Frameworks";
				PRODUCT_BUNDLE_IDENTIFIER = com.trace.test.SwiftApp;
				PRODUCT_NAME = "$(TARGET_NAME)";
			};
			name = Release;
		};
/* End XCBuildConfiguration section */

/* Begin XCConfigurationList section */
		BB4BDDA61CE1B60C00E23564 /* Build configuration list for PBXProject "SwiftApp" */ = {
			isa = XCConfigurationList;
			buildConfigurations = (
				BB4BDDBB1CE1B60C00E23564 /* Debug */,
				BB4BDDBC1CE1B60C00E23564 /* Release */,
			);
			defaultConfigurationIsVisible = 0;
			defaultConfigurationName = Release;
		};
		BB4BDDBD1CE1B60C00E23564 /* Build configuration list for PBXNativeTarget "SwiftApp" */ = {
			isa = XCConfigurationList;
			buildConfigurations = (
				BB4BDDBE1CE1B60C00E23564 /* Debug */,
				BB4BDDBF1CE1B60C00E23564 /* Release */,
			);
			defaultConfigurationIsVisible = 0;
			defaultConfigurationName = Release;
		};
/* End XCConfigurationList section */
	};
	rootObject = BB4BDDA31CE1B60C00E23564 /* Project object */;
}
